
Microsoft Visual Studio Solution File, Format Version 12.00
# Visual Studio Version 17
VisualStudioVersion = 17.1.32414.318
MinimumVisualStudioVersion = 10.0.40219.1
Project("{FAE04EC0-301F-11D3-BF4B-00C04F79EFBC}") = "Upload", "Upload\Upload.csproj", "{01BA6095-6F38-43A1-A737-AFA1A49D16F2}"
EndProject
Global
	GlobalSection(SolutionConfigurationPlatforms) = preSolution
		Debug|Any CPU = Debug|Any CPU
		Release|Any CPU = Release|Any CPU
	EndGlobalSection
	GlobalSection(ProjectConfigurationPlatforms) = postSolution
		{01BA6095-6F38-43A1-A737-AFA1A49D16F2}.Debug|Any CPU.ActiveCfg = Debug|Any CPU
		{01BA6095-6F38-43A1-A737-AFA1A49D16F2}.Debug|Any CPU.Build.0 = Debug|Any CPU
		{01BA6095-6F38-43A1-A737-AFA1A49D16F2}.Release|Any CPU.ActiveCfg = Release|Any CPU
		{01BA6095-6F38-43A1-A737-AFA1A49D16F2}.Release|Any CPU.Build.0 = Release|Any CPU
	EndGlobalSection
	GlobalSection(SolutionProperties) = preSolution
		HideSolutionNode = FALSE
	EndGlobalSection
	GlobalSection(ExtensibilityGlobals) = postSolution
		SolutionGuid = {752F4639-3A91-4E10-9E2A-DD2D0FB0A2CB}
	EndGlobalSection
EndGlobal
